
Microsoft Visual Studio Solution File, Format Version 12.00
# Visual Studio 15
VisualStudioVersion = 15.0.27130.2010
MinimumVisualStudioVersion = 10.0.40219.1
Project("{FAE04EC0-301F-11D3-BF4B-00C04F79EFBC}") = "BattleriteWebsite", "BattleriteWebsite\BattleriteWebsite.csproj", "{9B16A6FD-6D53-4517-BC37-11AE99ED85AF}"
EndProject
Global
	GlobalSection(SolutionConfigurationPlatforms) = preSolution
		Debug|Any CPU = Debug|Any CPU
		Release|Any CPU = Release|Any CPU
	EndGlobalSection
	GlobalSection(ProjectConfigurationPlatforms) = postSolution
		{9B16A6FD-6D53-4517-BC37-11AE99ED85AF}.Debug|Any CPU.ActiveCfg = Debug|Any CPU
		{9B16A6FD-6D53-4517-BC37-11AE99ED85AF}.Debug|Any CPU.Build.0 = Debug|Any CPU
		{9B16A6FD-6D53-4517-BC37-11AE99ED85AF}.Release|Any CPU.ActiveCfg = Release|Any CPU
		{9B16A6FD-6D53-4517-BC37-11AE99ED85AF}.Release|Any CPU.Build.0 = Release|Any CPU
	EndGlobalSection
	GlobalSection(SolutionProperties) = preSolution
		HideSolutionNode = FALSE
	EndGlobalSection
	GlobalSection(ExtensibilityGlobals) = postSolution
		SolutionGuid = {B2598968-ED00-4EC1-A16C-E4CF6023DCE1}
	EndGlobalSection
EndGlobal
